
Microsoft Visual Studio Solution File, Format Version 12.00
# Visual Studio Version 17
VisualStudioVersion = 17.8.34511.84
MinimumVisualStudioVersion = 10.0.40219.1
Project("{FAE04EC0-301F-11D3-BF4B-00C04F79EFBC}") = "TournamentTool.App", "src\TournamentTool.App\TournamentTool.App.csproj", "{054B8006-E40F-4EC3-A13F-A3D55DCF044E}"
EndProject
Project("{FAE04EC0-301F-11D3-BF4B-00C04F79EFBC}") = "TournamentToolTests", "tests\TournamentToolTests\TournamentToolTests.csproj", "{CD35A964-129E-4C9B-AF1D-8F2F6274DB3A}"
EndProject
Project("{FAE04EC0-301F-11D3-BF4B-00C04F79EFBC}") = "TournamentTool.ViewModels", "src\TournamentTool.ViewModels\TournamentTool.ViewModels.csproj", "{33C3D2E3-D6B7-49C8-9B2D-7E3E6863026F}"
EndProject
Project("{FAE04EC0-301F-11D3-BF4B-00C04F79EFBC}") = "TournamentTool.Domain", "src\TournamentTool.Domain\TournamentTool.Domain.csproj", "{A216517F-0FF0-4EA1-B07A-A226B2997870}"
EndProject
Project("{FAE04EC0-301F-11D3-BF4B-00C04F79EFBC}") = "TournamentTool.Core", "src\TournamentTool.Core\TournamentTool.Core.csproj", "{8F178AF6-E3B0-40DD-B580-19E4D74ECF8C}"
EndProject
Project("{FAE04EC0-301F-11D3-BF4B-00C04F79EFBC}") = "TournamentTool.Services", "src\TournamentTool.Services\TournamentTool.Services.csproj", "{D30C9753-F862-4391-A510-A305A17D1D44}"
EndProject
Global
	GlobalSection(SolutionConfigurationPlatforms) = preSolution
		Debug|Any CPU = Debug|Any CPU
		Release|Any CPU = Release|Any CPU
	EndGlobalSection
	GlobalSection(ProjectConfigurationPlatforms) = postSolution
		{054B8006-E40F-4EC3-A13F-A3D55DCF044E}.Debug|Any CPU.ActiveCfg = Debug|Any CPU
		{054B8006-E40F-4EC3-A13F-A3D55DCF044E}.Debug|Any CPU.Build.0 = Debug|Any CPU
		{054B8006-E40F-4EC3-A13F-A3D55DCF044E}.Release|Any CPU.ActiveCfg = Release|Any CPU
		{054B8006-E40F-4EC3-A13F-A3D55DCF044E}.Release|Any CPU.Build.0 = Release|Any CPU
		{CD35A964-129E-4C9B-AF1D-8F2F6274DB3A}.Debug|Any CPU.ActiveCfg = Debug|Any CPU
		{CD35A964-129E-4C9B-AF1D-8F2F6274DB3A}.Debug|Any CPU.Build.0 = Debug|Any CPU
		{CD35A964-129E-4C9B-AF1D-8F2F6274DB3A}.Release|Any CPU.ActiveCfg = Release|Any CPU
		{CD35A964-129E-4C9B-AF1D-8F2F6274DB3A}.Release|Any CPU.Build.0 = Release|Any CPU
		{33C3D2E3-D6B7-49C8-9B2D-7E3E6863026F}.Debug|Any CPU.ActiveCfg = Debug|Any CPU
		{33C3D2E3-D6B7-49C8-9B2D-7E3E6863026F}.Debug|Any CPU.Build.0 = Debug|Any CPU
		{33C3D2E3-D6B7-49C8-9B2D-7E3E6863026F}.Release|Any CPU.ActiveCfg = Release|Any CPU
		{33C3D2E3-D6B7-49C8-9B2D-7E3E6863026F}.Release|Any CPU.Build.0 = Release|Any CPU
		{A216517F-0FF0-4EA1-B07A-A226B2997870}.Debug|Any CPU.ActiveCfg = Debug|Any CPU
		{A216517F-0FF0-4EA1-B07A-A226B2997870}.Debug|Any CPU.Build.0 = Debug|Any CPU
		{A216517F-0FF0-4EA1-B07A-A226B2997870}.Release|Any CPU.ActiveCfg = Release|Any CPU
		{A216517F-0FF0-4EA1-B07A-A226B2997870}.Release|Any CPU.Build.0 = Release|Any CPU
		{8F178AF6-E3B0-40DD-B580-19E4D74ECF8C}.Debug|Any CPU.ActiveCfg = Debug|Any CPU
		{8F178AF6-E3B0-40DD-B580-19E4D74ECF8C}.Debug|Any CPU.Build.0 = Debug|Any CPU
		{8F178AF6-E3B0-40DD-B580-19E4D74ECF8C}.Release|Any CPU.ActiveCfg = Release|Any CPU
		{8F178AF6-E3B0-40DD-B580-19E4D74ECF8C}.Release|Any CPU.Build.0 = Release|Any CPU
		{D30C9753-F862-4391-A510-A305A17D1D44}.Debug|Any CPU.ActiveCfg = Debug|Any CPU
		{D30C9753-F862-4391-A510-A305A17D1D44}.Debug|Any CPU.Build.0 = Debug|Any CPU
		{D30C9753-F862-4391-A510-A305A17D1D44}.Release|Any CPU.ActiveCfg = Release|Any CPU
		{D30C9753-F862-4391-A510-A305A17D1D44}.Release|Any CPU.Build.0 = Release|Any CPU
	EndGlobalSection
	GlobalSection(SolutionProperties) = preSolution
		HideSolutionNode = FALSE
	EndGlobalSection
	GlobalSection(ExtensibilityGlobals) = postSolution
		SolutionGuid = {19A7D6C8-4D2A-42A1-85DA-2AB499B641A4}
	EndGlobalSection
	GlobalSection(NestedProjects) = preSolution
	EndGlobalSection
EndGlobal
